// !$*UTF8*$!
{
	archiveVersion = 1;
	classes = {
	};
	objectVersion = 46;
	objects = {

/* Begin PBXBuildFile section */
		5311E0951AC25915003BEF47 /* OBOAppDelegate.m in Sources */ = {isa = PBXBuildFile; fileRef = 5311E07D1AC25915003BEF47 /* OBOAppDelegate.m */; };
		5311E0961AC25915003BEF47 /* OBOItemDetailsTableViewCell.m in Sources */ = {isa = PBXBuildFile; fileRef = 5311E07F1AC25915003BEF47 /* OBOItemDetailsTableViewCell.m */; };
		5311E0971AC25915003BEF47 /* OBOItemDetailViewController.m in Sources */ = {isa = PBXBuildFile; fileRef = 5311E0811AC25915003BEF47 /* OBOItemDetailViewController.m */; };
		5311E0981AC25915003BEF47 /* OBOItemObject.m in Sources */ = {isa = PBXBuildFile; fileRef = 5311E0831AC25915003BEF47 /* OBOItemObject.m */; };
		5311E0991AC25915003BEF47 /* OBOMasterTableViewController.m in Sources */ = {isa = PBXBuildFile; fileRef = 5311E0851AC25915003BEF47 /* OBOMasterTableViewController.m */; };
		5311E09A1AC25915003BEF47 /* Default-568h@2x.png in Resources */ = {isa = PBXBuildFile; fileRef = 5311E0861AC25915003BEF47 /* Default-568h@2x.png */; };
		5311E09B1AC25915003BEF47 /* Default.png in Resources */ = {isa = PBXBuildFile; fileRef = 5311E0871AC25915003BEF47 /* Default.png */; };
		5311E09C1AC25915003BEF47 /* Default@2x.png in Resources */ = {isa = PBXBuildFile; fileRef = 5311E0881AC25915003BEF47 /* Default@2x.png */; };
		5311E09D1AC25915003BEF47 /* InfoPlist.strings in Resources */ = {isa = PBXBuildFile; fileRef = 5311E08A1AC25915003BEF47 /* InfoPlist.strings */; };
		5311E09F1AC25915003BEF47 /* items.json in Resources */ = {isa = PBXBuildFile; fileRef = 5311E08E1AC25915003BEF47 /* items.json */; };
		5311E0A01AC25915003BEF47 /* main.m in Sources */ = {isa = PBXBuildFile; fileRef = 5311E08F1AC25915003BEF47 /* main.m */; };
		5311E0A11AC25915003BEF47 /* OBOSellThingViewController.m in Sources */ = {isa = PBXBuildFile; fileRef = 5311E0911AC25915003BEF47 /* OBOSellThingViewController.m */; };
		5311E0A21AC25915003BEF47 /* red-dress.jpg in Resources */ = {isa = PBXBuildFile; fileRef = 5311E0921AC25915003BEF47 /* red-dress.jpg */; };
		5311E0A51AC25A4C003BEF47 /* Info.plist in Resources */ = {isa = PBXBuildFile; fileRef = 5311E0A41AC25A4C003BEF47 /* Info.plist */; };
		537AD9D61ABF0BDD0007CDAD /* OBOTests.m in Sources */ = {isa = PBXBuildFile; fileRef = 537AD9D51ABF0BDD0007CDAD /* OBOTests.m */; };
		8A273F9B1AD42EF000FBA4F3 /* OBOAccountTableViewCell.m in Sources */ = {isa = PBXBuildFile; fileRef = 8A273F9A1AD42EF000FBA4F3 /* OBOAccountTableViewCell.m */; };
		8A875D7C1AD1D7750033D1B7 /* MainStoryboard.storyboard in Resources */ = {isa = PBXBuildFile; fileRef = 8A875D7A1AD1D7750033D1B7 /* MainStoryboard.storyboard */; };
		8A875D7F1AD1E3280033D1B7 /* OBOAccountTableViewController.m in Sources */ = {isa = PBXBuildFile; fileRef = 8A875D7E1AD1E3280033D1B7 /* OBOAccountTableViewController.m */; };
/* End PBXBuildFile section */

/* Begin PBXContainerItemProxy section */
		537AD9D01ABF0BDD0007CDAD /* PBXContainerItemProxy */ = {
			isa = PBXContainerItemProxy;
			containerPortal = 537AD9AE1ABF0BDD0007CDAD /* Project object */;
			proxyType = 1;
			remoteGlobalIDString = 537AD9B51ABF0BDD0007CDAD;
			remoteInfo = OBO;
		};
/* End PBXContainerItemProxy section */

/* Begin PBXFileReference section */
		5311E07C1AC25915003BEF47 /* OBOAppDelegate.h */ = {isa = PBXFileReference; fileEncoding = 4; lastKnownFileType = sourcecode.c.h; path = OBOAppDelegate.h; sourceTree = "<group>"; };
		5311E07D1AC25915003BEF47 /* OBOAppDelegate.m */ = {isa = PBXFileReference; fileEncoding = 4; lastKnownFileType = sourcecode.c.objc; path = OBOAppDelegate.m; sourceTree = "<group>"; };
		5311E07E1AC25915003BEF47 /* OBOItemDetailsTableViewCell.h */ = {isa = PBXFileReference; fileEncoding = 4; lastKnownFileType = sourcecode.c.h; path = OBOItemDetailsTableViewCell.h; sourceTree = "<group>"; };
		5311E07F1AC25915003BEF47 /* OBOItemDetailsTableViewCell.m */ = {isa = PBXFileReference; fileEncoding = 4; lastKnownFileType = sourcecode.c.objc; path = OBOItemDetailsTableViewCell.m; sourceTree = "<group>"; };
		5311E0801AC25915003BEF47 /* OBOItemDetailViewController.h */ = {isa = PBXFileReference; fileEncoding = 4; lastKnownFileType = sourcecode.c.h; path = OBOItemDetailViewController.h; sourceTree = "<group>"; };
		5311E0811AC25915003BEF47 /* OBOItemDetailViewController.m */ = {isa = PBXFileReference; fileEncoding = 4; lastKnownFileType = sourcecode.c.objc; path = OBOItemDetailViewController.m; sourceTree = "<group>"; };
		5311E0821AC25915003BEF47 /* OBOItemObject.h */ = {isa = PBXFileReference; fileEncoding = 4; lastKnownFileType = sourcecode.c.h; path = OBOItemObject.h; sourceTree = "<group>"; };
		5311E0831AC25915003BEF47 /* OBOItemObject.m */ = {isa = PBXFileReference; fileEncoding = 4; lastKnownFileType = sourcecode.c.objc; path = OBOItemObject.m; sourceTree = "<group>"; };
		5311E0841AC25915003BEF47 /* OBOMasterTableViewController.h */ = {isa = PBXFileReference; fileEncoding = 4; lastKnownFileType = sourcecode.c.h; path = OBOMasterTableViewController.h; sourceTree = "<group>"; };
		5311E0851AC25915003BEF47 /* OBOMasterTableViewController.m */ = {isa = PBXFileReference; fileEncoding = 4; lastKnownFileType = sourcecode.c.objc; path = OBOMasterTableViewController.m; sourceTree = "<group>"; };
		5311E0861AC25915003BEF47 /* Default-568h@2x.png */ = {isa = PBXFileReference; lastKnownFileType = image.png; path = "Default-568h@2x.png"; sourceTree = "<group>"; };
		5311E0871AC25915003BEF47 /* Default.png */ = {isa = PBXFileReference; lastKnownFileType = image.png; path = Default.png; sourceTree = "<group>"; };
		5311E0881AC25915003BEF47 /* Default@2x.png */ = {isa = PBXFileReference; lastKnownFileType = image.png; path = "Default@2x.png"; sourceTree = "<group>"; };
		5311E08B1AC25915003BEF47 /* en */ = {isa = PBXFileReference; lastKnownFileType = text.plist.strings; name = en; path = InfoPlist.strings; sourceTree = "<group>"; };
		5311E08E1AC25915003BEF47 /* items.json */ = {isa = PBXFileReference; fileEncoding = 4; lastKnownFileType = text.json; path = items.json; sourceTree = "<group>"; };
		5311E08F1AC25915003BEF47 /* main.m */ = {isa = PBXFileReference; fileEncoding = 4; lastKnownFileType = sourcecode.c.objc; path = main.m; sourceTree = "<group>"; };
		5311E0901AC25915003BEF47 /* OBOSellThingViewController.h */ = {isa = PBXFileReference; fileEncoding = 4; lastKnownFileType = sourcecode.c.h; path = OBOSellThingViewController.h; sourceTree = "<group>"; };
		5311E0911AC25915003BEF47 /* OBOSellThingViewController.m */ = {isa = PBXFileReference; fileEncoding = 4; lastKnownFileType = sourcecode.c.objc; path = OBOSellThingViewController.m; sourceTree = "<group>"; };
		5311E0921AC25915003BEF47 /* red-dress.jpg */ = {isa = PBXFileReference; lastKnownFileType = image.jpeg; path = "red-dress.jpg"; sourceTree = "<group>"; };
		5311E0941AC25915003BEF47 /* OBO-Prefix.pch */ = {isa = PBXFileReference; fileEncoding = 4; lastKnownFileType = sourcecode.c.h; path = "OBO-Prefix.pch"; sourceTree = "<group>"; };
		5311E0A41AC25A4C003BEF47 /* Info.plist */ = {isa = PBXFileReference; fileEncoding = 4; lastKnownFileType = text.plist.xml; path = Info.plist; sourceTree = "<group>"; };
		537AD9B61ABF0BDD0007CDAD /* OBO.app */ = {isa = PBXFileReference; explicitFileType = wrapper.application; includeInIndex = 0; path = OBO.app; sourceTree = BUILT_PRODUCTS_DIR; };
		537AD9CF1ABF0BDD0007CDAD /* OBOTests.xctest */ = {isa = PBXFileReference; explicitFileType = wrapper.cfbundle; includeInIndex = 0; path = OBOTests.xctest; sourceTree = BUILT_PRODUCTS_DIR; };
		537AD9D41ABF0BDD0007CDAD /* Info.plist */ = {isa = PBXFileReference; lastKnownFileType = text.plist.xml; path = Info.plist; sourceTree = "<group>"; };
		537AD9D51ABF0BDD0007CDAD /* OBOTests.m */ = {isa = PBXFileReference; lastKnownFileType = sourcecode.c.objc; path = OBOTests.m; sourceTree = "<group>"; };
		8A273F991AD42EF000FBA4F3 /* OBOAccountTableViewCell.h */ = {isa = PBXFileReference; fileEncoding = 4; lastKnownFileType = sourcecode.c.h; path = OBOAccountTableViewCell.h; sourceTree = "<group>"; };
		8A273F9A1AD42EF000FBA4F3 /* OBOAccountTableViewCell.m */ = {isa = PBXFileReference; fileEncoding = 4; lastKnownFileType = sourcecode.c.objc; path = OBOAccountTableViewCell.m; sourceTree = "<group>"; };
		8A875D7B1AD1D7750033D1B7 /* en */ = {isa = PBXFileReference; lastKnownFileType = file.storyboard; name = en; path = MainStoryboard.storyboard; sourceTree = "<group>"; };
		8A875D7D1AD1E3280033D1B7 /* OBOAccountTableViewController.h */ = {isa = PBXFileReference; fileEncoding = 4; lastKnownFileType = sourcecode.c.h; path = OBOAccountTableViewController.h; sourceTree = "<group>"; };
		8A875D7E1AD1E3280033D1B7 /* OBOAccountTableViewController.m */ = {isa = PBXFileReference; fileEncoding = 4; lastKnownFileType = sourcecode.c.objc; path = OBOAccountTableViewController.m; sourceTree = "<group>"; };
/* End PBXFileReference section */

/* Begin PBXFrameworksBuildPhase section */
		537AD9B31ABF0BDD0007CDAD /* Frameworks */ = {
			isa = PBXFrameworksBuildPhase;
			buildActionMask = 2147483647;
			files = (
			);
			runOnlyForDeploymentPostprocessing = 0;
		};
		537AD9CC1ABF0BDD0007CDAD /* Frameworks */ = {
			isa = PBXFrameworksBuildPhase;
			buildActionMask = 2147483647;
			files = (
			);
			runOnlyForDeploymentPostprocessing = 0;
		};
/* End PBXFrameworksBuildPhase section */

/* Begin PBXGroup section */
		5311E0891AC25915003BEF47 /* en.lproj */ = {
			isa = PBXGroup;
			children = (
				5311E08A1AC25915003BEF47 /* InfoPlist.strings */,
			);
			path = en.lproj;
			sourceTree = "<group>";
		};
		537AD9AD1ABF0BDD0007CDAD = {
			isa = PBXGroup;
			children = (
				537AD9B81ABF0BDD0007CDAD /* OBO */,
				537AD9D21ABF0BDD0007CDAD /* OBOTests */,
				537AD9B71ABF0BDD0007CDAD /* Products */,
			);
			sourceTree = "<group>";
		};
		537AD9B71ABF0BDD0007CDAD /* Products */ = {
			isa = PBXGroup;
			children = (
				537AD9B61ABF0BDD0007CDAD /* OBO.app */,
				537AD9CF1ABF0BDD0007CDAD /* OBOTests.xctest */,
			);
			name = Products;
			sourceTree = "<group>";
		};
		537AD9B81ABF0BDD0007CDAD /* OBO */ = {
			isa = PBXGroup;
			children = (
				8A875D7A1AD1D7750033D1B7 /* MainStoryboard.storyboard */,
				5311E0A41AC25A4C003BEF47 /* Info.plist */,
				5311E07C1AC25915003BEF47 /* OBOAppDelegate.h */,
				5311E07D1AC25915003BEF47 /* OBOAppDelegate.m */,
				5311E07E1AC25915003BEF47 /* OBOItemDetailsTableViewCell.h */,
				5311E07F1AC25915003BEF47 /* OBOItemDetailsTableViewCell.m */,
				8A273F991AD42EF000FBA4F3 /* OBOAccountTableViewCell.h */,
				8A273F9A1AD42EF000FBA4F3 /* OBOAccountTableViewCell.m */,
				5311E0801AC25915003BEF47 /* OBOItemDetailViewController.h */,
				5311E0811AC25915003BEF47 /* OBOItemDetailViewController.m */,
				5311E0821AC25915003BEF47 /* OBOItemObject.h */,
				5311E0831AC25915003BEF47 /* OBOItemObject.m */,
				5311E0841AC25915003BEF47 /* OBOMasterTableViewController.h */,
				5311E0851AC25915003BEF47 /* OBOMasterTableViewController.m */,
				5311E0861AC25915003BEF47 /* Default-568h@2x.png */,
				5311E0871AC25915003BEF47 /* Default.png */,
				5311E0881AC25915003BEF47 /* Default@2x.png */,
				5311E0891AC25915003BEF47 /* en.lproj */,
				5311E08E1AC25915003BEF47 /* items.json */,
				5311E08F1AC25915003BEF47 /* main.m */,
				5311E0901AC25915003BEF47 /* OBOSellThingViewController.h */,
				5311E0911AC25915003BEF47 /* OBOSellThingViewController.m */,
				8A875D7D1AD1E3280033D1B7 /* OBOAccountTableViewController.h */,
				8A875D7E1AD1E3280033D1B7 /* OBOAccountTableViewController.m */,
				5311E0921AC25915003BEF47 /* red-dress.jpg */,
				5311E0941AC25915003BEF47 /* OBO-Prefix.pch */,
				537AD9B91ABF0BDD0007CDAD /* Supporting Files */,
			);
			path = OBO;
			sourceTree = "<group>";
		};
		537AD9B91ABF0BDD0007CDAD /* Supporting Files */ = {
			isa = PBXGroup;
			children = (
			);
			name = "Supporting Files";
			sourceTree = "<group>";
		};
		537AD9D21ABF0BDD0007CDAD /* OBOTests */ = {
			isa = PBXGroup;
			children = (
				537AD9D51ABF0BDD0007CDAD /* OBOTests.m */,
				537AD9D31ABF0BDD0007CDAD /* Supporting Files */,
			);
			path = OBOTests;
			sourceTree = "<group>";
		};
		537AD9D31ABF0BDD0007CDAD /* Supporting Files */ = {
			isa = PBXGroup;
			children = (
				537AD9D41ABF0BDD0007CDAD /* Info.plist */,
			);
			name = "Supporting Files";
			sourceTree = "<group>";
		};
/* End PBXGroup section */

/* Begin PBXNativeTarget section */
		537AD9B51ABF0BDD0007CDAD /* OBO */ = {
			isa = PBXNativeTarget;
			buildConfigurationList = 537AD9D91ABF0BDD0007CDAD /* Build configuration list for PBXNativeTarget "OBO" */;
			buildPhases = (
				537AD9B21ABF0BDD0007CDAD /* Sources */,
				537AD9B31ABF0BDD0007CDAD /* Frameworks */,
				537AD9B41ABF0BDD0007CDAD /* Resources */,
			);
			buildRules = (
			);
			dependencies = (
			);
			name = OBO;
			productName = OBO;
			productReference = 537AD9B61ABF0BDD0007CDAD /* OBO.app */;
			productType = "com.apple.product-type.application";
		};
		537AD9CE1ABF0BDD0007CDAD /* OBOTests */ = {
			isa = PBXNativeTarget;
			buildConfigurationList = 537AD9DC1ABF0BDD0007CDAD /* Build configuration list for PBXNativeTarget "OBOTests" */;
			buildPhases = (
				537AD9CB1ABF0BDD0007CDAD /* Sources */,
				537AD9CC1ABF0BDD0007CDAD /* Frameworks */,
				537AD9CD1ABF0BDD0007CDAD /* Resources */,
			);
			buildRules = (
			);
			dependencies = (
				537AD9D11ABF0BDD0007CDAD /* PBXTargetDependency */,
			);
			name = OBOTests;
			productName = OBOTests;
			productReference = 537AD9CF1ABF0BDD0007CDAD /* OBOTests.xctest */;
			productType = "com.apple.product-type.bundle.unit-test";
		};
/* End PBXNativeTarget section */

/* Begin PBXProject section */
		537AD9AE1ABF0BDD0007CDAD /* Project object */ = {
			isa = PBXProject;
			attributes = {
				LastUpgradeCheck = 0620;
				ORGANIZATIONNAME = teamOBO;
				TargetAttributes = {
					537AD9B51ABF0BDD0007CDAD = {
						CreatedOnToolsVersion = 6.2;
					};
					537AD9CE1ABF0BDD0007CDAD = {
						CreatedOnToolsVersion = 6.2;
						TestTargetID = 537AD9B51ABF0BDD0007CDAD;
					};
				};
			};
			buildConfigurationList = 537AD9B11ABF0BDD0007CDAD /* Build configuration list for PBXProject "OBO" */;
			compatibilityVersion = "Xcode 3.2";
			developmentRegion = English;
			hasScannedForEncodings = 0;
			knownRegions = (
				en,
				Base,
			);
			mainGroup = 537AD9AD1ABF0BDD0007CDAD;
			productRefGroup = 537AD9B71ABF0BDD0007CDAD /* Products */;
			projectDirPath = "";
			projectRoot = "";
			targets = (
				537AD9B51ABF0BDD0007CDAD /* OBO */,
				537AD9CE1ABF0BDD0007CDAD /* OBOTests */,
			);
		};
/* End PBXProject section */

/* Begin PBXResourcesBuildPhase section */
		537AD9B41ABF0BDD0007CDAD /* Resources */ = {
			isa = PBXResourcesBuildPhase;
			buildActionMask = 2147483647;
			files = (
				5311E0A51AC25A4C003BEF47 /* Info.plist in Resources */,
				5311E09C1AC25915003BEF47 /* Default@2x.png in Resources */,
				5311E09F1AC25915003BEF47 /* items.json in Resources */,
				5311E09D1AC25915003BEF47 /* InfoPlist.strings in Resources */,
				5311E09A1AC25915003BEF47 /* Default-568h@2x.png in Resources */,
				5311E0A21AC25915003BEF47 /* red-dress.jpg in Resources */,
				8A875D7C1AD1D7750033D1B7 /* MainStoryboard.storyboard in Resources */,
				5311E09B1AC25915003BEF47 /* Default.png in Resources */,
			);
			runOnlyForDeploymentPostprocessing = 0;
		};
		537AD9CD1ABF0BDD0007CDAD /* Resources */ = {
			isa = PBXResourcesBuildPhase;
			buildActionMask = 2147483647;
			files = (
			);
			runOnlyForDeploymentPostprocessing = 0;
		};
/* End PBXResourcesBuildPhase section */

/* Begin PBXSourcesBuildPhase section */
		537AD9B21ABF0BDD0007CDAD /* Sources */ = {
			isa = PBXSourcesBuildPhase;
			buildActionMask = 2147483647;
			files = (
				5311E0951AC25915003BEF47 /* OBOAppDelegate.m in Sources */,
				5311E0981AC25915003BEF47 /* OBOItemObject.m in Sources */,
				5311E0961AC25915003BEF47 /* OBOItemDetailsTableViewCell.m in Sources */,
				8A273F9B1AD42EF000FBA4F3 /* OBOAccountTableViewCell.m in Sources */,
				5311E0A11AC25915003BEF47 /* OBOSellThingViewController.m in Sources */,
				5311E0991AC25915003BEF47 /* OBOMasterTableViewController.m in Sources */,
				5311E0A01AC25915003BEF47 /* main.m in Sources */,
				8A875D7F1AD1E3280033D1B7 /* OBOAccountTableViewController.m in Sources */,
				5311E0971AC25915003BEF47 /* OBOItemDetailViewController.m in Sources */,
			);
			runOnlyForDeploymentPostprocessing = 0;
		};
		537AD9CB1ABF0BDD0007CDAD /* Sources */ = {
			isa = PBXSourcesBuildPhase;
			buildActionMask = 2147483647;
			files = (
				537AD9D61ABF0BDD0007CDAD /* OBOTests.m in Sources */,
			);
			runOnlyForDeploymentPostprocessing = 0;
		};
/* End PBXSourcesBuildPhase section */

/* Begin PBXTargetDependency section */
		537AD9D11ABF0BDD0007CDAD /* PBXTargetDependency */ = {
			isa = PBXTargetDependency;
			target = 537AD9B51ABF0BDD0007CDAD /* OBO */;
			targetProxy = 537AD9D01ABF0BDD0007CDAD /* PBXContainerItemProxy */;
		};
/* End PBXTargetDependency section */

/* Begin PBXVariantGroup section */
		5311E08A1AC25915003BEF47 /* InfoPlist.strings */ = {
			isa = PBXVariantGroup;
			children = (
				5311E08B1AC25915003BEF47 /* en */,
			);
			name = InfoPlist.strings;
			sourceTree = "<group>";
		};
		8A875D7A1AD1D7750033D1B7 /* MainStoryboard.storyboard */ = {
			isa = PBXVariantGroup;
			children = (
				8A875D7B1AD1D7750033D1B7 /* en */,
			);
			name = MainStoryboard.storyboard;
			path = en.lproj;
			sourceTree = "<group>";
		};
/* End PBXVariantGroup section */

/* Begin XCBuildConfiguration section */
		537AD9D71ABF0BDD0007CDAD /* Debug */ = {
			isa = XCBuildConfiguration;
			buildSettings = {
				ALWAYS_SEARCH_USER_PATHS = NO;
				CLANG_CXX_LANGUAGE_STANDARD = "gnu++0x";
				CLANG_CXX_LIBRARY = "libc++";
				CLANG_ENABLE_MODULES = YES;
				CLANG_ENABLE_OBJC_ARC = YES;
				CLANG_WARN_BOOL_CONVERSION = YES;
				CLANG_WARN_CONSTANT_CONVERSION = YES;
				CLANG_WARN_DIRECT_OBJC_ISA_USAGE = YES_ERROR;
				CLANG_WARN_EMPTY_BODY = YES;
				CLANG_WARN_ENUM_CONVERSION = YES;
				CLANG_WARN_INT_CONVERSION = YES;
				CLANG_WARN_OBJC_ROOT_CLASS = YES_ERROR;
				CLANG_WARN_UNREACHABLE_CODE = YES;
				CLANG_WARN__DUPLICATE_METHOD_MATCH = YES;
				"CODE_SIGN_IDENTITY[sdk=iphoneos*]" = "iPhone Developer";
				COPY_PHASE_STRIP = NO;
				ENABLE_STRICT_OBJC_MSGSEND = YES;
				GCC_C_LANGUAGE_STANDARD = gnu99;
				GCC_DYNAMIC_NO_PIC = NO;
				GCC_OPTIMIZATION_LEVEL = 0;
				GCC_PREPROCESSOR_DEFINITIONS = (
					"DEBUG=1",
					"$(inherited)",
				);
				GCC_SYMBOLS_PRIVATE_EXTERN = NO;
				GCC_WARN_64_TO_32_BIT_CONVERSION = YES;
				GCC_WARN_ABOUT_RETURN_TYPE = YES_ERROR;
				GCC_WARN_UNDECLARED_SELECTOR = YES;
				GCC_WARN_UNINITIALIZED_AUTOS = YES_AGGRESSIVE;
				GCC_WARN_UNUSED_FUNCTION = YES;
				GCC_WARN_UNUSED_VARIABLE = YES;
				IPHONEOS_DEPLOYMENT_TARGET = 8.2;
				MTL_ENABLE_DEBUG_INFO = YES;
				ONLY_ACTIVE_ARCH = YES;
				SDKROOT = iphoneos;
			};
			name = Debug;
		};
		537AD9D81ABF0BDD0007CDAD /* Release */ = {
			isa = XCBuildConfiguration;
			buildSettings = {
				ALWAYS_SEARCH_USER_PATHS = NO;
				CLANG_CXX_LANGUAGE_STANDARD = "gnu++0x";
				CLANG_CXX_LIBRARY = "libc++";
				CLANG_ENABLE_MODULES = YES;
				CLANG_ENABLE_OBJC_ARC = YES;
				CLANG_WARN_BOOL_CONVERSION = YES;
				CLANG_WARN_CONSTANT_CONVERSION = YES;
				CLANG_WARN_DIRECT_OBJC_ISA_USAGE = YES_ERROR;
				CLANG_WARN_EMPTY_BODY = YES;
				CLANG_WARN_ENUM_CONVERSION = YES;
				CLANG_WARN_INT_CONVERSION = YES;
				CLANG_WARN_OBJC_ROOT_CLASS = YES_ERROR;
				CLANG_WARN_UNREACHABLE_CODE = YES;
				CLANG_WARN__DUPLICATE_METHOD_MATCH = YES;
				"CODE_SIGN_IDENTITY[sdk=iphoneos*]" = "iPhone Developer";
				COPY_PHASE_STRIP = NO;
				ENABLE_NS_ASSERTIONS = NO;
				ENABLE_STRICT_OBJC_MSGSEND = YES;
				GCC_C_LANGUAGE_STANDARD = gnu99;
				GCC_WARN_64_TO_32_BIT_CONVERSION = YES;
				GCC_WARN_ABOUT_RETURN_TYPE = YES_ERROR;
				GCC_WARN_UNDECLARED_SELECTOR = YES;
				GCC_WARN_UNINITIALIZED_AUTOS = YES_AGGRESSIVE;
				GCC_WARN_UNUSED_FUNCTION = YES;
				GCC_WARN_UNUSED_VARIABLE = YES;
				IPHONEOS_DEPLOYMENT_TARGET = 8.2;
				MTL_ENABLE_DEBUG_INFO = NO;
				SDKROOT = iphoneos;
				VALIDATE_PRODUCT = YES;
			};
			name = Release;
		};
		537AD9DA1ABF0BDD0007CDAD /* Debug */ = {
			isa = XCBuildConfiguration;
			buildSettings = {
				ASSETCATALOG_COMPILER_APPICON_NAME = AppIcon;
				INFOPLIST_FILE = OBO/Info.plist;
				LD_RUNPATH_SEARCH_PATHS = "$(inherited) @executable_path/Frameworks";
				PRODUCT_NAME = "$(TARGET_NAME)";
			};
			name = Debug;
		};
		537AD9DB1ABF0BDD0007CDAD /* Release */ = {
			isa = XCBuildConfiguration;
			buildSettings = {
				ASSETCATALOG_COMPILER_APPICON_NAME = AppIcon;
				INFOPLIST_FILE = OBO/Info.plist;
				LD_RUNPATH_SEARCH_PATHS = "$(inherited) @executable_path/Frameworks";
				PRODUCT_NAME = "$(TARGET_NAME)";
			};
			name = Release;
		};
		537AD9DD1ABF0BDD0007CDAD /* Debug */ = {
			isa = XCBuildConfiguration;
			buildSettings = {
				BUNDLE_LOADER = "$(TEST_HOST)";
				FRAMEWORK_SEARCH_PATHS = (
					"$(SDKROOT)/Developer/Library/Frameworks",
					"$(inherited)",
				);
				GCC_PREPROCESSOR_DEFINITIONS = (
					"DEBUG=1",
					"$(inherited)",
				);
				INFOPLIST_FILE = OBOTests/Info.plist;
				LD_RUNPATH_SEARCH_PATHS = "$(inherited) @executable_path/Frameworks @loader_path/Frameworks";
				PRODUCT_NAME = "$(TARGET_NAME)";
				TEST_HOST = "$(BUILT_PRODUCTS_DIR)/OBO.app/OBO";
			};
			name = Debug;
		};
		537AD9DE1ABF0BDD0007CDAD /* Release */ = {
			isa = XCBuildConfiguration;
			buildSettings = {
				BUNDLE_LOADER = "$(TEST_HOST)";
				FRAMEWORK_SEARCH_PATHS = (
					"$(SDKROOT)/Developer/Library/Frameworks",
					"$(inherited)",
				);
				INFOPLIST_FILE = OBOTests/Info.plist;
				LD_RUNPATH_SEARCH_PATHS = "$(inherited) @executable_path/Frameworks @loader_path/Frameworks";
				PRODUCT_NAME = "$(TARGET_NAME)";
				TEST_HOST = "$(BUILT_PRODUCTS_DIR)/OBO.app/OBO";
			};
			name = Release;
		};
/* End XCBuildConfiguration section */

/* Begin XCConfigurationList section */
		537AD9B11ABF0BDD0007CDAD /* Build configuration list for PBXProject "OBO" */ = {
			isa = XCConfigurationList;
			buildConfigurations = (
				537AD9D71ABF0BDD0007CDAD /* Debug */,
				537AD9D81ABF0BDD0007CDAD /* Release */,
			);
			defaultConfigurationIsVisible = 0;
			defaultConfigurationName = Release;
		};
		537AD9D91ABF0BDD0007CDAD /* Build configuration list for PBXNativeTarget "OBO" */ = {
			isa = XCConfigurationList;
			buildConfigurations = (
				537AD9DA1ABF0BDD0007CDAD /* Debug */,
				537AD9DB1ABF0BDD0007CDAD /* Release */,
			);
			defaultConfigurationIsVisible = 0;
			defaultConfigurationName = Release;
		};
		537AD9DC1ABF0BDD0007CDAD /* Build configuration list for PBXNativeTarget "OBOTests" */ = {
			isa = XCConfigurationList;
			buildConfigurations = (
				537AD9DD1ABF0BDD0007CDAD /* Debug */,
				537AD9DE1ABF0BDD0007CDAD /* Release */,
			);
			defaultConfigurationIsVisible = 0;
			defaultConfigurationName = Release;
		};
/* End XCConfigurationList section */
	};
	rootObject = 537AD9AE1ABF0BDD0007CDAD /* Project object */;
}
